// !$*UTF8*$!
{
	archiveVersion = 1;
	classes = {
	};
	objectVersion = 46;
	objects = {

/* Begin PBXBuildFile section */
		EC31E0331AFB097100B03F19 /* main.m in Sources */ = {isa = PBXBuildFile; fileRef = EC31E0321AFB097100B03F19 /* main.m */; };
		EC31E0361AFB097100B03F19 /* AppDelegate.m in Sources */ = {isa = PBXBuildFile; fileRef = EC31E0351AFB097100B03F19 /* AppDelegate.m */; };
		EC31E0391AFB097100B03F19 /* ViewController.m in Sources */ = {isa = PBXBuildFile; fileRef = EC31E0381AFB097100B03F19 /* ViewController.m */; };
		EC31E03C1AFB097100B03F19 /* Main.storyboard in Resources */ = {isa = PBXBuildFile; fileRef = EC31E03A1AFB097100B03F19 /* Main.storyboard */; };
		EC31E03E1AFB097100B03F19 /* Images.xcassets in Resources */ = {isa = PBXBuildFile; fileRef = EC31E03D1AFB097100B03F19 /* Images.xcassets */; };
		EC31E0411AFB097100B03F19 /* LaunchScreen.xib in Resources */ = {isa = PBXBuildFile; fileRef = EC31E03F1AFB097100B03F19 /* LaunchScreen.xib */; };
		EC31E04D1AFB097100B03F19 /* RSTextViewTests.m in Sources */ = {isa = PBXBuildFile; fileRef = EC31E04C1AFB097100B03F19 /* RSTextViewTests.m */; };
		EC31E0591AFB099D00B03F19 /* RSTextView.m in Sources */ = {isa = PBXBuildFile; fileRef = EC31E0581AFB099D00B03F19 /* RSTextView.m */; };
/* End PBXBuildFile section */

/* Begin PBXContainerItemProxy section */
		EC31E0471AFB097100B03F19 /* PBXContainerItemProxy */ = {
			isa = PBXContainerItemProxy;
			containerPortal = EC31E0251AFB097000B03F19 /* Project object */;
			proxyType = 1;
			remoteGlobalIDString = EC31E02C1AFB097100B03F19;
			remoteInfo = RSTextView;
		};
/* End PBXContainerItemProxy section */

/* Begin PBXFileReference section */
		EC31E02D1AFB097100B03F19 /* RSTextView.app */ = {isa = PBXFileReference; explicitFileType = wrapper.application; includeInIndex = 0; path = RSTextView.app; sourceTree = BUILT_PRODUCTS_DIR; };
		EC31E0311AFB097100B03F19 /* Info.plist */ = {isa = PBXFileReference; lastKnownFileType = text.plist.xml; path = Info.plist; sourceTree = "<group>"; };
		EC31E0321AFB097100B03F19 /* main.m */ = {isa = PBXFileReference; lastKnownFileType = sourcecode.c.objc; path = main.m; sourceTree = "<group>"; };
		EC31E0341AFB097100B03F19 /* AppDelegate.h */ = {isa = PBXFileReference; lastKnownFileType = sourcecode.c.h; path = AppDelegate.h; sourceTree = "<group>"; };
		EC31E0351AFB097100B03F19 /* AppDelegate.m */ = {isa = PBXFileReference; lastKnownFileType = sourcecode.c.objc; path = AppDelegate.m; sourceTree = "<group>"; };
		EC31E0371AFB097100B03F19 /* ViewController.h */ = {isa = PBXFileReference; lastKnownFileType = sourcecode.c.h; path = ViewController.h; sourceTree = "<group>"; };
		EC31E0381AFB097100B03F19 /* ViewController.m */ = {isa = PBXFileReference; lastKnownFileType = sourcecode.c.objc; path = ViewController.m; sourceTree = "<group>"; };
		EC31E03B1AFB097100B03F19 /* Base */ = {isa = PBXFileReference; lastKnownFileType = file.storyboard; name = Base; path = Base.lproj/Main.storyboard; sourceTree = "<group>"; };
		EC31E03D1AFB097100B03F19 /* Images.xcassets */ = {isa = PBXFileReference; lastKnownFileType = folder.assetcatalog; path = Images.xcassets; sourceTree = "<group>"; };
		EC31E0401AFB097100B03F19 /* Base */ = {isa = PBXFileReference; lastKnownFileType = file.xib; name = Base; path = Base.lproj/LaunchScreen.xib; sourceTree = "<group>"; };
		EC31E0461AFB097100B03F19 /* RSTextViewTests.xctest */ = {isa = PBXFileReference; explicitFileType = wrapper.cfbundle; includeInIndex = 0; path = RSTextViewTests.xctest; sourceTree = BUILT_PRODUCTS_DIR; };
		EC31E04B1AFB097100B03F19 /* Info.plist */ = {isa = PBXFileReference; lastKnownFileType = text.plist.xml; path = Info.plist; sourceTree = "<group>"; };
		EC31E04C1AFB097100B03F19 /* RSTextViewTests.m */ = {isa = PBXFileReference; lastKnownFileType = sourcecode.c.objc; path = RSTextViewTests.m; sourceTree = "<group>"; };
		EC31E0571AFB099D00B03F19 /* RSTextView.h */ = {isa = PBXFileReference; fileEncoding = 4; lastKnownFileType = sourcecode.c.h; path = RSTextView.h; sourceTree = "<group>"; };
		EC31E0581AFB099D00B03F19 /* RSTextView.m */ = {isa = PBXFileReference; fileEncoding = 4; lastKnownFileType = sourcecode.c.objc; path = RSTextView.m; sourceTree = "<group>"; };
/* End PBXFileReference section */

/* Begin PBXFrameworksBuildPhase section */
		EC31E02A1AFB097100B03F19 /* Frameworks */ = {
			isa = PBXFrameworksBuildPhase;
			buildActionMask = 2147483647;
			files = (
			);
			runOnlyForDeploymentPostprocessing = 0;
		};
		EC31E0431AFB097100B03F19 /* Frameworks */ = {
			isa = PBXFrameworksBuildPhase;
			buildActionMask = 2147483647;
			files = (
			);
			runOnlyForDeploymentPostprocessing = 0;
		};
/* End PBXFrameworksBuildPhase section */

/* Begin PBXGroup section */
		EC31E0241AFB097000B03F19 = {
			isa = PBXGroup;
			children = (
				EC31E02F1AFB097100B03F19 /* RSTextView */,
				EC31E0491AFB097100B03F19 /* RSTextViewTests */,
				EC31E02E1AFB097100B03F19 /* Products */,
			);
			sourceTree = "<group>";
		};
		EC31E02E1AFB097100B03F19 /* Products */ = {
			isa = PBXGroup;
			children = (
				EC31E02D1AFB097100B03F19 /* RSTextView.app */,
				EC31E0461AFB097100B03F19 /* RSTextViewTests.xctest */,
			);
			name = Products;
			sourceTree = "<group>";
		};
		EC31E02F1AFB097100B03F19 /* RSTextView */ = {
			isa = PBXGroup;
			children = (
				EC31E0561AFB098A00B03F19 /* RSTextView */,
				EC31E0341AFB097100B03F19 /* AppDelegate.h */,
				EC31E0351AFB097100B03F19 /* AppDelegate.m */,
				EC31E0371AFB097100B03F19 /* ViewController.h */,
				EC31E0381AFB097100B03F19 /* ViewController.m */,
				EC31E03A1AFB097100B03F19 /* Main.storyboard */,
				EC31E03D1AFB097100B03F19 /* Images.xcassets */,
				EC31E03F1AFB097100B03F19 /* LaunchScreen.xib */,
				EC31E0301AFB097100B03F19 /* Supporting Files */,
			);
			path = RSTextView;
			sourceTree = "<group>";
		};
		EC31E0301AFB097100B03F19 /* Supporting Files */ = {
			isa = PBXGroup;
			children = (
				EC31E0311AFB097100B03F19 /* Info.plist */,
				EC31E0321AFB097100B03F19 /* main.m */,
			);
			name = "Supporting Files";
			sourceTree = "<group>";
		};
		EC31E0491AFB097100B03F19 /* RSTextViewTests */ = {
			isa = PBXGroup;
			children = (
				EC31E04C1AFB097100B03F19 /* RSTextViewTests.m */,
				EC31E04A1AFB097100B03F19 /* Supporting Files */,
			);
			path = RSTextViewTests;
			sourceTree = "<group>";
		};
		EC31E04A1AFB097100B03F19 /* Supporting Files */ = {
			isa = PBXGroup;
			children = (
				EC31E04B1AFB097100B03F19 /* Info.plist */,
			);
			name = "Supporting Files";
			sourceTree = "<group>";
		};
		EC31E0561AFB098A00B03F19 /* RSTextView */ = {
			isa = PBXGroup;
			children = (
				EC31E0571AFB099D00B03F19 /* RSTextView.h */,
				EC31E0581AFB099D00B03F19 /* RSTextView.m */,
			);
			path = RSTextView;
			sourceTree = "<group>";
		};
/* End PBXGroup section */

/* Begin PBXNativeTarget section */
		EC31E02C1AFB097100B03F19 /* RSTextView */ = {
			isa = PBXNativeTarget;
			buildConfigurationList = EC31E0501AFB097100B03F19 /* Build configuration list for PBXNativeTarget "RSTextView" */;
			buildPhases = (
				EC31E0291AFB097100B03F19 /* Sources */,
				EC31E02A1AFB097100B03F19 /* Frameworks */,
				EC31E02B1AFB097100B03F19 /* Resources */,
			);
			buildRules = (
			);
			dependencies = (
			);
			name = RSTextView;
			productName = RSTextView;
			productReference = EC31E02D1AFB097100B03F19 /* RSTextView.app */;
			productType = "com.apple.product-type.application";
		};
		EC31E0451AFB097100B03F19 /* RSTextViewTests */ = {
			isa = PBXNativeTarget;
			buildConfigurationList = EC31E0531AFB097100B03F19 /* Build configuration list for PBXNativeTarget "RSTextViewTests" */;
			buildPhases = (
				EC31E0421AFB097100B03F19 /* Sources */,
				EC31E0431AFB097100B03F19 /* Frameworks */,
				EC31E0441AFB097100B03F19 /* Resources */,
			);
			buildRules = (
			);
			dependencies = (
				EC31E0481AFB097100B03F19 /* PBXTargetDependency */,
			);
			name = RSTextViewTests;
			productName = RSTextViewTests;
			productReference = EC31E0461AFB097100B03F19 /* RSTextViewTests.xctest */;
			productType = "com.apple.product-type.bundle.unit-test";
		};
/* End PBXNativeTarget section */

/* Begin PBXProject section */
		EC31E0251AFB097000B03F19 /* Project object */ = {
			isa = PBXProject;
			attributes = {
				LastUpgradeCheck = 0630;
				ORGANIZATIONNAME = "RedScor Yuan";
				TargetAttributes = {
					EC31E02C1AFB097100B03F19 = {
						CreatedOnToolsVersion = 6.3.1;
					};
					EC31E0451AFB097100B03F19 = {
						CreatedOnToolsVersion = 6.3.1;
						TestTargetID = EC31E02C1AFB097100B03F19;
					};
				};
			};
			buildConfigurationList = EC31E0281AFB097000B03F19 /* Build configuration list for PBXProject "RSTextView" */;
			compatibilityVersion = "Xcode 3.2";
			developmentRegion = English;
			hasScannedForEncodings = 0;
			knownRegions = (
				en,
				Base,
			);
			mainGroup = EC31E0241AFB097000B03F19;
			productRefGroup = EC31E02E1AFB097100B03F19 /* Products */;
			projectDirPath = "";
			projectRoot = "";
			targets = (
				EC31E02C1AFB097100B03F19 /* RSTextView */,
				EC31E0451AFB097100B03F19 /* RSTextViewTests */,
			);
		};
/* End PBXProject section */

/* Begin PBXResourcesBuildPhase section */
		EC31E02B1AFB097100B03F19 /* Resources */ = {
			isa = PBXResourcesBuildPhase;
			buildActionMask = 2147483647;
			files = (
				EC31E03C1AFB097100B03F19 /* Main.storyboard in Resources */,
				EC31E0411AFB097100B03F19 /* LaunchScreen.xib in Resources */,
				EC31E03E1AFB097100B03F19 /* Images.xcassets in Resources */,
			);
			runOnlyForDeploymentPostprocessing = 0;
		};
		EC31E0441AFB097100B03F19 /* Resources */ = {
			isa = PBXResourcesBuildPhase;
			buildActionMask = 2147483647;
			files = (
			);
			runOnlyForDeploymentPostprocessing = 0;
		};
/* End PBXResourcesBuildPhase section */

/* Begin PBXSourcesBuildPhase section */
		EC31E0291AFB097100B03F19 /* Sources */ = {
			isa = PBXSourcesBuildPhase;
			buildActionMask = 2147483647;
			files = (
				EC31E0591AFB099D00B03F19 /* RSTextView.m in Sources */,
				EC31E0391AFB097100B03F19 /* ViewController.m in Sources */,
				EC31E0361AFB097100B03F19 /* AppDelegate.m in Sources */,
				EC31E0331AFB097100B03F19 /* main.m in Sources */,
			);
			runOnlyForDeploymentPostprocessing = 0;
		};
		EC31E0421AFB097100B03F19 /* Sources */ = {
			isa = PBXSourcesBuildPhase;
			buildActionMask = 2147483647;
			files = (
				EC31E04D1AFB097100B03F19 /* RSTextViewTests.m in Sources */,
			);
			runOnlyForDeploymentPostprocessing = 0;
		};
/* End PBXSourcesBuildPhase section */

/* Begin PBXTargetDependency section */
		EC31E0481AFB097100B03F19 /* PBXTargetDependency */ = {
			isa = PBXTargetDependency;
			target = EC31E02C1AFB097100B03F19 /* RSTextView */;
			targetProxy = EC31E0471AFB097100B03F19 /* PBXContainerItemProxy */;
		};
/* End PBXTargetDependency section */

/* Begin PBXVariantGroup section */
		EC31E03A1AFB097100B03F19 /* Main.storyboard */ = {
			isa = PBXVariantGroup;
			children = (
				EC31E03B1AFB097100B03F19 /* Base */,
			);
			name = Main.storyboard;
			sourceTree = "<group>";
		};
		EC31E03F1AFB097100B03F19 /* LaunchScreen.xib */ = {
			isa = PBXVariantGroup;
			children = (
				EC31E0401AFB097100B03F19 /* Base */,
			);
			name = LaunchScreen.xib;
			sourceTree = "<group>";
		};
/* End PBXVariantGroup section */

/* Begin XCBuildConfiguration section */
		EC31E04E1AFB097100B03F19 /* Debug */ = {
			isa = XCBuildConfiguration;
			buildSettings = {
				ALWAYS_SEARCH_USER_PATHS = NO;
				CLANG_CXX_LANGUAGE_STANDARD = "gnu++0x";
				CLANG_CXX_LIBRARY = "libc++";
				CLANG_ENABLE_MODULES = YES;
				CLANG_ENABLE_OBJC_ARC = YES;
				CLANG_WARN_BOOL_CONVERSION = YES;
				CLANG_WARN_CONSTANT_CONVERSION = YES;
				CLANG_WARN_DIRECT_OBJC_ISA_USAGE = YES_ERROR;
				CLANG_WARN_EMPTY_BODY = YES;
				CLANG_WARN_ENUM_CONVERSION = YES;
				CLANG_WARN_INT_CONVERSION = YES;
				CLANG_WARN_OBJC_ROOT_CLASS = YES_ERROR;
				CLANG_WARN_UNREACHABLE_CODE = YES;
				CLANG_WARN__DUPLICATE_METHOD_MATCH = YES;
				"CODE_SIGN_IDENTITY[sdk=iphoneos*]" = "iPhone Developer";
				COPY_PHASE_STRIP = NO;
				DEBUG_INFORMATION_FORMAT = "dwarf-with-dsym";
				ENABLE_STRICT_OBJC_MSGSEND = YES;
				GCC_C_LANGUAGE_STANDARD = gnu99;
				GCC_DYNAMIC_NO_PIC = NO;
				GCC_NO_COMMON_BLOCKS = YES;
				GCC_OPTIMIZATION_LEVEL = 0;
				GCC_PREPROCESSOR_DEFINITIONS = (
					"DEBUG=1",
					"$(inherited)",
				);
				GCC_SYMBOLS_PRIVATE_EXTERN = NO;
				GCC_WARN_64_TO_32_BIT_CONVERSION = YES;
				GCC_WARN_ABOUT_RETURN_TYPE = YES_ERROR;
				GCC_WARN_UNDECLARED_SELECTOR = YES;
				GCC_WARN_UNINITIALIZED_AUTOS = YES_AGGRESSIVE;
				GCC_WARN_UNUSED_FUNCTION = YES;
				GCC_WARN_UNUSED_VARIABLE = YES;
				IPHONEOS_DEPLOYMENT_TARGET = 8.3;
				MTL_ENABLE_DEBUG_INFO = YES;
				ONLY_ACTIVE_ARCH = YES;
				SDKROOT = iphoneos;
			};
			name = Debug;
		};
		EC31E04F1AFB097100B03F19 /* Release */ = {
			isa = XCBuildConfiguration;
			buildSettings = {
				ALWAYS_SEARCH_USER_PATHS = NO;
				CLANG_CXX_LANGUAGE_STANDARD = "gnu++0x";
				CLANG_CXX_LIBRARY = "libc++";
				CLANG_ENABLE_MODULES = YES;
				CLANG_ENABLE_OBJC_ARC = YES;
				CLANG_WARN_BOOL_CONVERSION = YES;
				CLANG_WARN_CONSTANT_CONVERSION = YES;
				CLANG_WARN_DIRECT_OBJC_ISA_USAGE = YES_ERROR;
				CLANG_WARN_EMPTY_BODY = YES;
				CLANG_WARN_ENUM_CONVERSION = YES;
				CLANG_WARN_INT_CONVERSION = YES;
				CLANG_WARN_OBJC_ROOT_CLASS = YES_ERROR;
				CLANG_WARN_UNREACHABLE_CODE = YES;
				CLANG_WARN__DUPLICATE_METHOD_MATCH = YES;
				"CODE_SIGN_IDENTITY[sdk=iphoneos*]" = "iPhone Developer";
				COPY_PHASE_STRIP = NO;
				DEBUG_INFORMATION_FORMAT = "dwarf-with-dsym";
				ENABLE_NS_ASSERTIONS = NO;
				ENABLE_STRICT_OBJC_MSGSEND = YES;
				GCC_C_LANGUAGE_STANDARD = gnu99;
				GCC_NO_COMMON_BLOCKS = YES;
				GCC_WARN_64_TO_32_BIT_CONVERSION = YES;
				GCC_WARN_ABOUT_RETURN_TYPE = YES_ERROR;
				GCC_WARN_UNDECLARED_SELECTOR = YES;
				GCC_WARN_UNINITIALIZED_AUTOS = YES_AGGRESSIVE;
				GCC_WARN_UNUSED_FUNCTION = YES;
				GCC_WARN_UNUSED_VARIABLE = YES;
				IPHONEOS_DEPLOYMENT_TARGET = 8.3;
				MTL_ENABLE_DEBUG_INFO = NO;
				SDKROOT = iphoneos;
				VALIDATE_PRODUCT = YES;
			};
			name = Release;
		};
		EC31E0511AFB097100B03F19 /* Debug */ = {
			isa = XCBuildConfiguration;
			buildSettings = {
				ASSETCATALOG_COMPILER_APPICON_NAME = AppIcon;
				INFOPLIST_FILE = RSTextView/Info.plist;
				LD_RUNPATH_SEARCH_PATHS = "$(inherited) @executable_path/Frameworks";
				PRODUCT_NAME = "$(TARGET_NAME)";
			};
			name = Debug;
		};
		EC31E0521AFB097100B03F19 /* Release */ = {
			isa = XCBuildConfiguration;
			buildSettings = {
				ASSETCATALOG_COMPILER_APPICON_NAME = AppIcon;
				INFOPLIST_FILE = RSTextView/Info.plist;
				LD_RUNPATH_SEARCH_PATHS = "$(inherited) @executable_path/Frameworks";
				PRODUCT_NAME = "$(TARGET_NAME)";
			};
			name = Release;
		};
		EC31E0541AFB097100B03F19 /* Debug */ = {
			isa = XCBuildConfiguration;
			buildSettings = {
				BUNDLE_LOADER = "$(TEST_HOST)";
				FRAMEWORK_SEARCH_PATHS = (
					"$(SDKROOT)/Developer/Library/Frameworks",
					"$(inherited)",
				);
				GCC_PREPROCESSOR_DEFINITIONS = (
					"DEBUG=1",
					"$(inherited)",
				);
				INFOPLIST_FILE = RSTextViewTests/Info.plist;
				LD_RUNPATH_SEARCH_PATHS = "$(inherited) @executable_path/Frameworks @loader_path/Frameworks";
				PRODUCT_NAME = "$(TARGET_NAME)";
				TEST_HOST = "$(BUILT_PRODUCTS_DIR)/RSTextView.app/RSTextView";
			};
			name = Debug;
		};
		EC31E0551AFB097100B03F19 /* Release */ = {
			isa = XCBuildConfiguration;
			buildSettings = {
				BUNDLE_LOADER = "$(TEST_HOST)";
				FRAMEWORK_SEARCH_PATHS = (
					"$(SDKROOT)/Developer/Library/Frameworks",
					"$(inherited)",
				);
				INFOPLIST_FILE = RSTextViewTests/Info.plist;
				LD_RUNPATH_SEARCH_PATHS = "$(inherited) @executable_path/Frameworks @loader_path/Frameworks";
				PRODUCT_NAME = "$(TARGET_NAME)";
				TEST_HOST = "$(BUILT_PRODUCTS_DIR)/RSTextView.app/RSTextView";
			};
			name = Release;
		};
/* End XCBuildConfiguration section */

/* Begin XCConfigurationList section */
		EC31E0281AFB097000B03F19 /* Build configuration list for PBXProject "RSTextView" */ = {
			isa = XCConfigurationList;
			buildConfigurations = (
				EC31E04E1AFB097100B03F19 /* Debug */,
				EC31E04F1AFB097100B03F19 /* Release */,
			);
			defaultConfigurationIsVisible = 0;
			defaultConfigurationName = Release;
		};
		EC31E0501AFB097100B03F19 /* Build configuration list for PBXNativeTarget "RSTextView" */ = {
			isa = XCConfigurationList;
			buildConfigurations = (
				EC31E0511AFB097100B03F19 /* Debug */,
				EC31E0521AFB097100B03F19 /* Release */,
			);
			defaultConfigurationIsVisible = 0;
		};
		EC31E0531AFB097100B03F19 /* Build configuration list for PBXNativeTarget "RSTextViewTests" */ = {
			isa = XCConfigurationList;
			buildConfigurations = (
				EC31E0541AFB097100B03F19 /* Debug */,
				EC31E0551AFB097100B03F19 /* Release */,
			);
			defaultConfigurationIsVisible = 0;
		};
/* End XCConfigurationList section */
	};
	rootObject = EC31E0251AFB097000B03F19 /* Project object */;
}
